
Microsoft Visual Studio Solution File, Format Version 12.00
# Visual Studio Version 16
VisualStudioVersion = 16.0.29911.84
MinimumVisualStudioVersion = 10.0.40219.1
Project("{FAE04EC0-301F-11D3-BF4B-00C04F79EFBC}") = "LovesTestGitHub", "LovesTestGitHub\LovesTestGitHub.csproj", "{EF14C375-A02C-4A99-80DE-DAAAC68A7918}"
EndProject
Global
	GlobalSection(SolutionConfigurationPlatforms) = preSolution
		Debug|Any CPU = Debug|Any CPU
		Release|Any CPU = Release|Any CPU
	EndGlobalSection
	GlobalSection(ProjectConfigurationPlatforms) = postSolution
		{EF14C375-A02C-4A99-80DE-DAAAC68A7918}.Debug|Any CPU.ActiveCfg = Debug|Any CPU
		{EF14C375-A02C-4A99-80DE-DAAAC68A7918}.Debug|Any CPU.Build.0 = Debug|Any CPU
		{EF14C375-A02C-4A99-80DE-DAAAC68A7918}.Release|Any CPU.ActiveCfg = Release|Any CPU
		{EF14C375-A02C-4A99-80DE-DAAAC68A7918}.Release|Any CPU.Build.0 = Release|Any CPU
	EndGlobalSection
	GlobalSection(SolutionProperties) = preSolution
		HideSolutionNode = FALSE
	EndGlobalSection
	GlobalSection(ExtensibilityGlobals) = postSolution
		SolutionGuid = {EC53DF3D-2D67-4BD1-B94A-990C33472DF0}
	EndGlobalSection
EndGlobal
